
Microsoft Visual Studio Solution File, Format Version 12.00
# Visual Studio Version 17
VisualStudioVersion = 17.2.32630.192
MinimumVisualStudioVersion = 10.0.40219.1
Project("{9A19103F-16F7-4668-BE54-9A1E7A4F7556}") = "FPLSP.Server.Domain", "Server\FPLSP.Server.Domain\FPLSP.Server.Domain.csproj", "{AF48FAF6-2716-4BD0-A1F3-FA3ABB9C2D40}"
EndProject
Project("{9A19103F-16F7-4668-BE54-9A1E7A4F7556}") = "FPLSP.Server.Data", "Server\FPLSP.Server.Data\FPLSP.Server.Data.csproj", "{A0833B78-C41A-4615-A71F-E92BE247EB15}"
EndProject
Project("{9A19103F-16F7-4668-BE54-9A1E7A4F7556}") = "FPLSP.Server.Infrastructure", "Server\FPLSP.Server.Infratructure\FPLSP.Server.Infrastructure.csproj", "{CC4AE3C8-52DD-47AE-845C-06FA9DCD6E5A}"
EndProject
Project("{9A19103F-16F7-4668-BE54-9A1E7A4F7556}") = "FPLSP.Server.API", "Server\FPLSP.Server.API\FPLSP.Server.API.csproj", "{2ABCBC4B-D29F-4876-A282-2ED8760BA6A4}"
EndProject
Project("{2150E333-8FDC-42A3-9474-1A3956D46DE8}") = "Server", "Server", "{584F1D86-FEA9-4740-8A3A-4019FCF36FED}"
EndProject
Project("{9A19103F-16F7-4668-BE54-9A1E7A4F7556}") = "FPLSP", "FPLSP\FPLSP.csproj", "{A48529F4-25AE-4875-A5C7-44E6C91B84BA}"
EndProject
Project("{2150E333-8FDC-42A3-9474-1A3956D46DE8}") = "Identity", "Identity", "{F3DAFA55-AC52-441F-855F-97F086A9A52C}"
EndProject
Project("{9A19103F-16F7-4668-BE54-9A1E7A4F7556}") = "IdentityFPLSP", "IdentityFPLSP\IdentityFPLSP.csproj", "{50A60BC5-ECBD-4B1E-9F58-84C9C2C4AF4D}"
EndProject
Global
	GlobalSection(SolutionConfigurationPlatforms) = preSolution
		Debug|Any CPU = Debug|Any CPU
		Debug|x64 = Debug|x64
		Debug|x86 = Debug|x86
		Release|Any CPU = Release|Any CPU
		Release|x64 = Release|x64
		Release|x86 = Release|x86
	EndGlobalSection
	GlobalSection(ProjectConfigurationPlatforms) = postSolution
		{AF48FAF6-2716-4BD0-A1F3-FA3ABB9C2D40}.Debug|Any CPU.ActiveCfg = Debug|Any CPU
		{AF48FAF6-2716-4BD0-A1F3-FA3ABB9C2D40}.Debug|Any CPU.Build.0 = Debug|Any CPU
		{AF48FAF6-2716-4BD0-A1F3-FA3ABB9C2D40}.Debug|x64.ActiveCfg = Debug|Any CPU
		{AF48FAF6-2716-4BD0-A1F3-FA3ABB9C2D40}.Debug|x64.Build.0 = Debug|Any CPU
		{AF48FAF6-2716-4BD0-A1F3-FA3ABB9C2D40}.Debug|x86.ActiveCfg = Debug|Any CPU
		{AF48FAF6-2716-4BD0-A1F3-FA3ABB9C2D40}.Debug|x86.Build.0 = Debug|Any CPU
		{AF48FAF6-2716-4BD0-A1F3-FA3ABB9C2D40}.Release|Any CPU.ActiveCfg = Release|Any CPU
		{AF48FAF6-2716-4BD0-A1F3-FA3ABB9C2D40}.Release|Any CPU.Build.0 = Release|Any CPU
		{AF48FAF6-2716-4BD0-A1F3-FA3ABB9C2D40}.Release|x64.ActiveCfg = Release|Any CPU
		{AF48FAF6-2716-4BD0-A1F3-FA3ABB9C2D40}.Release|x64.Build.0 = Release|Any CPU
		{AF48FAF6-2716-4BD0-A1F3-FA3ABB9C2D40}.Release|x86.ActiveCfg = Release|Any CPU
		{AF48FAF6-2716-4BD0-A1F3-FA3ABB9C2D40}.Release|x86.Build.0 = Release|Any CPU
		{A0833B78-C41A-4615-A71F-E92BE247EB15}.Debug|Any CPU.ActiveCfg = Debug|Any CPU
		{A0833B78-C41A-4615-A71F-E92BE247EB15}.Debug|Any CPU.Build.0 = Debug|Any CPU
		{A0833B78-C41A-4615-A71F-E92BE247EB15}.Debug|x64.ActiveCfg = Debug|Any CPU
		{A0833B78-C41A-4615-A71F-E92BE247EB15}.Debug|x64.Build.0 = Debug|Any CPU
		{A0833B78-C41A-4615-A71F-E92BE247EB15}.Debug|x86.ActiveCfg = Debug|Any CPU
		{A0833B78-C41A-4615-A71F-E92BE247EB15}.Debug|x86.Build.0 = Debug|Any CPU
		{A0833B78-C41A-4615-A71F-E92BE247EB15}.Release|Any CPU.ActiveCfg = Release|Any CPU
		{A0833B78-C41A-4615-A71F-E92BE247EB15}.Release|Any CPU.Build.0 = Release|Any CPU
		{A0833B78-C41A-4615-A71F-E92BE247EB15}.Release|x64.ActiveCfg = Release|Any CPU
		{A0833B78-C41A-4615-A71F-E92BE247EB15}.Release|x64.Build.0 = Release|Any CPU
		{A0833B78-C41A-4615-A71F-E92BE247EB15}.Release|x86.ActiveCfg = Release|Any CPU
		{A0833B78-C41A-4615-A71F-E92BE247EB15}.Release|x86.Build.0 = Release|Any CPU
		{CC4AE3C8-52DD-47AE-845C-06FA9DCD6E5A}.Debug|Any CPU.ActiveCfg = Debug|Any CPU
		{CC4AE3C8-52DD-47AE-845C-06FA9DCD6E5A}.Debug|Any CPU.Build.0 = Debug|Any CPU
		{CC4AE3C8-52DD-47AE-845C-06FA9DCD6E5A}.Debug|x64.ActiveCfg = Debug|Any CPU
		{CC4AE3C8-52DD-47AE-845C-06FA9DCD6E5A}.Debug|x64.Build.0 = Debug|Any CPU
		{CC4AE3C8-52DD-47AE-845C-06FA9DCD6E5A}.Debug|x86.ActiveCfg = Debug|Any CPU
		{CC4AE3C8-52DD-47AE-845C-06FA9DCD6E5A}.Debug|x86.Build.0 = Debug|Any CPU
		{CC4AE3C8-52DD-47AE-845C-06FA9DCD6E5A}.Release|Any CPU.ActiveCfg = Release|Any CPU
		{CC4AE3C8-52DD-47AE-845C-06FA9DCD6E5A}.Release|Any CPU.Build.0 = Release|Any CPU
		{CC4AE3C8-52DD-47AE-845C-06FA9DCD6E5A}.Release|x64.ActiveCfg = Release|Any CPU
		{CC4AE3C8-52DD-47AE-845C-06FA9DCD6E5A}.Release|x64.Build.0 = Release|Any CPU
		{CC4AE3C8-52DD-47AE-845C-06FA9DCD6E5A}.Release|x86.ActiveCfg = Release|Any CPU
		{CC4AE3C8-52DD-47AE-845C-06FA9DCD6E5A}.Release|x86.Build.0 = Release|Any CPU
		{2ABCBC4B-D29F-4876-A282-2ED8760BA6A4}.Debug|Any CPU.ActiveCfg = Debug|Any CPU
		{2ABCBC4B-D29F-4876-A282-2ED8760BA6A4}.Debug|Any CPU.Build.0 = Debug|Any CPU
		{2ABCBC4B-D29F-4876-A282-2ED8760BA6A4}.Debug|x64.ActiveCfg = Debug|Any CPU
		{2ABCBC4B-D29F-4876-A282-2ED8760BA6A4}.Debug|x64.Build.0 = Debug|Any CPU
		{2ABCBC4B-D29F-4876-A282-2ED8760BA6A4}.Debug|x86.ActiveCfg = Debug|x86
		{2ABCBC4B-D29F-4876-A282-2ED8760BA6A4}.Debug|x86.Build.0 = Debug|x86
		{2ABCBC4B-D29F-4876-A282-2ED8760BA6A4}.Release|Any CPU.ActiveCfg = Release|Any CPU
		{2ABCBC4B-D29F-4876-A282-2ED8760BA6A4}.Release|Any CPU.Build.0 = Release|Any CPU
		{2ABCBC4B-D29F-4876-A282-2ED8760BA6A4}.Release|x64.ActiveCfg = Release|Any CPU
		{2ABCBC4B-D29F-4876-A282-2ED8760BA6A4}.Release|x64.Build.0 = Release|Any CPU
		{2ABCBC4B-D29F-4876-A282-2ED8760BA6A4}.Release|x86.ActiveCfg = Release|x86
		{2ABCBC4B-D29F-4876-A282-2ED8760BA6A4}.Release|x86.Build.0 = Release|x86
		{A48529F4-25AE-4875-A5C7-44E6C91B84BA}.Debug|Any CPU.ActiveCfg = Debug|Any CPU
		{A48529F4-25AE-4875-A5C7-44E6C91B84BA}.Debug|Any CPU.Build.0 = Debug|Any CPU
		{A48529F4-25AE-4875-A5C7-44E6C91B84BA}.Debug|x64.ActiveCfg = Debug|x64
		{A48529F4-25AE-4875-A5C7-44E6C91B84BA}.Debug|x64.Build.0 = Debug|x64
		{A48529F4-25AE-4875-A5C7-44E6C91B84BA}.Debug|x86.ActiveCfg = Debug|Any CPU
		{A48529F4-25AE-4875-A5C7-44E6C91B84BA}.Debug|x86.Build.0 = Debug|Any CPU
		{A48529F4-25AE-4875-A5C7-44E6C91B84BA}.Release|Any CPU.ActiveCfg = Release|Any CPU
		{A48529F4-25AE-4875-A5C7-44E6C91B84BA}.Release|Any CPU.Build.0 = Release|Any CPU
		{A48529F4-25AE-4875-A5C7-44E6C91B84BA}.Release|x64.ActiveCfg = Release|x64
		{A48529F4-25AE-4875-A5C7-44E6C91B84BA}.Release|x64.Build.0 = Release|x64
		{A48529F4-25AE-4875-A5C7-44E6C91B84BA}.Release|x86.ActiveCfg = Release|Any CPU
		{A48529F4-25AE-4875-A5C7-44E6C91B84BA}.Release|x86.Build.0 = Release|Any CPU
		{50A60BC5-ECBD-4B1E-9F58-84C9C2C4AF4D}.Debug|Any CPU.ActiveCfg = Debug|Any CPU
		{50A60BC5-ECBD-4B1E-9F58-84C9C2C4AF4D}.Debug|Any CPU.Build.0 = Debug|Any CPU
		{50A60BC5-ECBD-4B1E-9F58-84C9C2C4AF4D}.Debug|x64.ActiveCfg = Debug|Any CPU
		{50A60BC5-ECBD-4B1E-9F58-84C9C2C4AF4D}.Debug|x64.Build.0 = Debug|Any CPU
		{50A60BC5-ECBD-4B1E-9F58-84C9C2C4AF4D}.Debug|x86.ActiveCfg = Debug|Any CPU
		{50A60BC5-ECBD-4B1E-9F58-84C9C2C4AF4D}.Debug|x86.Build.0 = Debug|Any CPU
		{50A60BC5-ECBD-4B1E-9F58-84C9C2C4AF4D}.Release|Any CPU.ActiveCfg = Release|Any CPU
		{50A60BC5-ECBD-4B1E-9F58-84C9C2C4AF4D}.Release|Any CPU.Build.0 = Release|Any CPU
		{50A60BC5-ECBD-4B1E-9F58-84C9C2C4AF4D}.Release|x64.ActiveCfg = Release|Any CPU
		{50A60BC5-ECBD-4B1E-9F58-84C9C2C4AF4D}.Release|x64.Build.0 = Release|Any CPU
		{50A60BC5-ECBD-4B1E-9F58-84C9C2C4AF4D}.Release|x86.ActiveCfg = Release|Any CPU
		{50A60BC5-ECBD-4B1E-9F58-84C9C2C4AF4D}.Release|x86.Build.0 = Release|Any CPU
	EndGlobalSection
	GlobalSection(SolutionProperties) = preSolution
		HideSolutionNode = FALSE
	EndGlobalSection
	GlobalSection(NestedProjects) = preSolution
		{AF48FAF6-2716-4BD0-A1F3-FA3ABB9C2D40} = {584F1D86-FEA9-4740-8A3A-4019FCF36FED}
		{A0833B78-C41A-4615-A71F-E92BE247EB15} = {584F1D86-FEA9-4740-8A3A-4019FCF36FED}
		{CC4AE3C8-52DD-47AE-845C-06FA9DCD6E5A} = {584F1D86-FEA9-4740-8A3A-4019FCF36FED}
		{2ABCBC4B-D29F-4876-A282-2ED8760BA6A4} = {584F1D86-FEA9-4740-8A3A-4019FCF36FED}
		{50A60BC5-ECBD-4B1E-9F58-84C9C2C4AF4D} = {F3DAFA55-AC52-441F-855F-97F086A9A52C}
	EndGlobalSection
	GlobalSection(ExtensibilityGlobals) = postSolution
		SolutionGuid = {0E9D0AA4-2A58-4BA5-AAA0-D6848F4C33D9}
	EndGlobalSection
EndGlobal
